
Microsoft Visual Studio Solution File, Format Version 12.00
# Visual Studio 15
Project("{FAE04EC0-301F-11D3-BF4B-00C04F79EFBC}") = "UnityEngine.TestRunner", "UnityEngine.TestRunner.csproj", "{DDBAC733-7174-26C5-9810-2F392F4D705C}"
EndProject
Project("{FAE04EC0-301F-11D3-BF4B-00C04F79EFBC}") = "UnityEngine.UI", "UnityEngine.UI.csproj", "{68434628-50D6-5C1D-4AFD-02A4FCD73943}"
EndProject
Project("{FAE04EC0-301F-11D3-BF4B-00C04F79EFBC}") = "Unity.TextMeshPro", "Unity.TextMeshPro.csproj", "{15D4098D-6321-034D-41FD-B5F9ADA1C6DF}"
EndProject
Project("{FAE04EC0-301F-11D3-BF4B-00C04F79EFBC}") = "Unity.Timeline", "Unity.Timeline.csproj", "{7E91EDAA-DF8A-C824-A09C-14F3FFC81A1E}"
EndProject
Project("{FAE04EC0-301F-11D3-BF4B-00C04F79EFBC}") = "Assembly-CSharp", "Assembly-CSharp.csproj", "{4CE07701-134F-9DD0-F36C-F385BB4D61DF}"
EndProject
Project("{FAE04EC0-301F-11D3-BF4B-00C04F79EFBC}") = "UnityEditor.TestRunner", "UnityEditor.TestRunner.csproj", "{020C7D5B-C064-CCE4-66D8-27A7CCEC1B3A}"
EndProject
Project("{FAE04EC0-301F-11D3-BF4B-00C04F79EFBC}") = "Unity.VisualStudio.Editor", "Unity.VisualStudio.Editor.csproj", "{0B3F2906-2DD2-E29E-6AF5-5003C327A155}"
EndProject
Project("{FAE04EC0-301F-11D3-BF4B-00C04F79EFBC}") = "Unity.TextMeshPro.Editor", "Unity.TextMeshPro.Editor.csproj", "{4BD41A65-1C78-E643-30B2-364C6A8260DE}"
EndProject
Project("{FAE04EC0-301F-11D3-BF4B-00C04F79EFBC}") = "Unity.Timeline.Editor", "Unity.Timeline.Editor.csproj", "{C76DB032-A153-B161-219F-29025A6D06D4}"
EndProject
Project("{FAE04EC0-301F-11D3-BF4B-00C04F79EFBC}") = "Unity.PlasticSCM.Editor", "Unity.PlasticSCM.Editor.csproj", "{D606C4DB-A2C9-CE59-29F6-CDB35A528AE3}"
EndProject
Project("{FAE04EC0-301F-11D3-BF4B-00C04F79EFBC}") = "Unity.Cursor.Editor", "Unity.Cursor.Editor.csproj", "{0D67C411-61DE-D64D-ED5B-104A9E51A40A}"
EndProject
Project("{FAE04EC0-301F-11D3-BF4B-00C04F79EFBC}") = "UnityEditor.UI", "UnityEditor.UI.csproj", "{6AABDA28-5ED2-2271-B7C2-B8756B96FF3D}"
EndProject
Project("{FAE04EC0-301F-11D3-BF4B-00C04F79EFBC}") = "Unity.Rider.Editor", "Unity.Rider.Editor.csproj", "{F7EC2A77-5D0A-CEBE-CF92-E9D1CEE4A3E3}"
EndProject
Project("{FAE04EC0-301F-11D3-BF4B-00C04F79EFBC}") = "Unity.CollabProxy.Editor", "Unity.CollabProxy.Editor.csproj", "{9D266B7A-F6DD-480D-AF7E-D9706577785B}"
EndProject
Project("{FAE04EC0-301F-11D3-BF4B-00C04F79EFBC}") = "Unity.VSCode.Editor", "Unity.VSCode.Editor.csproj", "{F778E39E-0763-53B4-6B38-E7AA9E0E0B6E}"
EndProject
Global
	GlobalSection(SolutionConfigurationPlatforms) = preSolution
		Debug|Any CPU = Debug|Any CPU
		Release|Any CPU = Release|Any CPU
	EndGlobalSection
	GlobalSection(ProjectConfigurationPlatforms) = postSolution
		{DDBAC733-7174-26C5-9810-2F392F4D705C}.Debug|Any CPU.ActiveCfg = Debug|Any CPU
		{DDBAC733-7174-26C5-9810-2F392F4D705C}.Debug|Any CPU.Build.0 = Debug|Any CPU
		{DDBAC733-7174-26C5-9810-2F392F4D705C}.Release|Any CPU.ActiveCfg = Release|Any CPU
		{DDBAC733-7174-26C5-9810-2F392F4D705C}.Release|Any CPU.Build.0 = Release|Any CPU
		{68434628-50D6-5C1D-4AFD-02A4FCD73943}.Debug|Any CPU.ActiveCfg = Debug|Any CPU
		{68434628-50D6-5C1D-4AFD-02A4FCD73943}.Debug|Any CPU.Build.0 = Debug|Any CPU
		{68434628-50D6-5C1D-4AFD-02A4FCD73943}.Release|Any CPU.ActiveCfg = Release|Any CPU
		{68434628-50D6-5C1D-4AFD-02A4FCD73943}.Release|Any CPU.Build.0 = Release|Any CPU
		{15D4098D-6321-034D-41FD-B5F9ADA1C6DF}.Debug|Any CPU.ActiveCfg = Debug|Any CPU
		{15D4098D-6321-034D-41FD-B5F9ADA1C6DF}.Debug|Any CPU.Build.0 = Debug|Any CPU
		{15D4098D-6321-034D-41FD-B5F9ADA1C6DF}.Release|Any CPU.ActiveCfg = Release|Any CPU
		{15D4098D-6321-034D-41FD-B5F9ADA1C6DF}.Release|Any CPU.Build.0 = Release|Any CPU
		{7E91EDAA-DF8A-C824-A09C-14F3FFC81A1E}.Debug|Any CPU.ActiveCfg = Debug|Any CPU
		{7E91EDAA-DF8A-C824-A09C-14F3FFC81A1E}.Debug|Any CPU.Build.0 = Debug|Any CPU
		{7E91EDAA-DF8A-C824-A09C-14F3FFC81A1E}.Release|Any CPU.ActiveCfg = Release|Any CPU
		{7E91EDAA-DF8A-C824-A09C-14F3FFC81A1E}.Release|Any CPU.Build.0 = Release|Any CPU
		{4CE07701-134F-9DD0-F36C-F385BB4D61DF}.Debug|Any CPU.ActiveCfg = Debug|Any CPU
		{4CE07701-134F-9DD0-F36C-F385BB4D61DF}.Debug|Any CPU.Build.0 = Debug|Any CPU
		{4CE07701-134F-9DD0-F36C-F385BB4D61DF}.Release|Any CPU.ActiveCfg = Release|Any CPU
		{4CE07701-134F-9DD0-F36C-F385BB4D61DF}.Release|Any CPU.Build.0 = Release|Any CPU
		{020C7D5B-C064-CCE4-66D8-27A7CCEC1B3A}.Debug|Any CPU.ActiveCfg = Debug|Any CPU
		{020C7D5B-C064-CCE4-66D8-27A7CCEC1B3A}.Debug|Any CPU.Build.0 = Debug|Any CPU
		{020C7D5B-C064-CCE4-66D8-27A7CCEC1B3A}.Release|Any CPU.ActiveCfg = Release|Any CPU
		{020C7D5B-C064-CCE4-66D8-27A7CCEC1B3A}.Release|Any CPU.Build.0 = Release|Any CPU
		{0B3F2906-2DD2-E29E-6AF5-5003C327A155}.Debug|Any CPU.ActiveCfg = Debug|Any CPU
		{0B3F2906-2DD2-E29E-6AF5-5003C327A155}.Debug|Any CPU.Build.0 = Debug|Any CPU
		{0B3F2906-2DD2-E29E-6AF5-5003C327A155}.Release|Any CPU.ActiveCfg = Release|Any CPU
		{0B3F2906-2DD2-E29E-6AF5-5003C327A155}.Release|Any CPU.Build.0 = Release|Any CPU
		{4BD41A65-1C78-E643-30B2-364C6A8260DE}.Debug|Any CPU.ActiveCfg = Debug|Any CPU
		{4BD41A65-1C78-E643-30B2-364C6A8260DE}.Debug|Any CPU.Build.0 = Debug|Any CPU
		{4BD41A65-1C78-E643-30B2-364C6A8260DE}.Release|Any CPU.ActiveCfg = Release|Any CPU
		{4BD41A65-1C78-E643-30B2-364C6A8260DE}.Release|Any CPU.Build.0 = Release|Any CPU
		{C76DB032-A153-B161-219F-29025A6D06D4}.Debug|Any CPU.ActiveCfg = Debug|Any CPU
		{C76DB032-A153-B161-219F-29025A6D06D4}.Debug|Any CPU.Build.0 = Debug|Any CPU
		{C76DB032-A153-B161-219F-29025A6D06D4}.Release|Any CPU.ActiveCfg = Release|Any CPU
		{C76DB032-A153-B161-219F-29025A6D06D4}.Release|Any CPU.Build.0 = Release|Any CPU
		{D606C4DB-A2C9-CE59-29F6-CDB35A528AE3}.Debug|Any CPU.ActiveCfg = Debug|Any CPU
		{D606C4DB-A2C9-CE59-29F6-CDB35A528AE3}.Debug|Any CPU.Build.0 = Debug|Any CPU
		{D606C4DB-A2C9-CE59-29F6-CDB35A528AE3}.Release|Any CPU.ActiveCfg = Release|Any CPU
		{D606C4DB-A2C9-CE59-29F6-CDB35A528AE3}.Release|Any CPU.Build.0 = Release|Any CPU
		{0D67C411-61DE-D64D-ED5B-104A9E51A40A}.Debug|Any CPU.ActiveCfg = Debug|Any CPU
		{0D67C411-61DE-D64D-ED5B-104A9E51A40A}.Debug|Any CPU.Build.0 = Debug|Any CPU
		{0D67C411-61DE-D64D-ED5B-104A9E51A40A}.Release|Any CPU.ActiveCfg = Release|Any CPU
		{0D67C411-61DE-D64D-ED5B-104A9E51A40A}.Release|Any CPU.Build.0 = Release|Any CPU
		{6AABDA28-5ED2-2271-B7C2-B8756B96FF3D}.Debug|Any CPU.ActiveCfg = Debug|Any CPU
		{6AABDA28-5ED2-2271-B7C2-B8756B96FF3D}.Debug|Any CPU.Build.0 = Debug|Any CPU
		{6AABDA28-5ED2-2271-B7C2-B8756B96FF3D}.Release|Any CPU.ActiveCfg = Release|Any CPU
		{6AABDA28-5ED2-2271-B7C2-B8756B96FF3D}.Release|Any CPU.Build.0 = Release|Any CPU
		{F7EC2A77-5D0A-CEBE-CF92-E9D1CEE4A3E3}.Debug|Any CPU.ActiveCfg = Debug|Any CPU
		{F7EC2A77-5D0A-CEBE-CF92-E9D1CEE4A3E3}.Debug|Any CPU.Build.0 = Debug|Any CPU
		{F7EC2A77-5D0A-CEBE-CF92-E9D1CEE4A3E3}.Release|Any CPU.ActiveCfg = Release|Any CPU
		{F7EC2A77-5D0A-CEBE-CF92-E9D1CEE4A3E3}.Release|Any CPU.Build.0 = Release|Any CPU
		{9D266B7A-F6DD-480D-AF7E-D9706577785B}.Debug|Any CPU.ActiveCfg = Debug|Any CPU
		{9D266B7A-F6DD-480D-AF7E-D9706577785B}.Debug|Any CPU.Build.0 = Debug|Any CPU
		{9D266B7A-F6DD-480D-AF7E-D9706577785B}.Release|Any CPU.ActiveCfg = Release|Any CPU
		{9D266B7A-F6DD-480D-AF7E-D9706577785B}.Release|Any CPU.Build.0 = Release|Any CPU
		{F778E39E-0763-53B4-6B38-E7AA9E0E0B6E}.Debug|Any CPU.ActiveCfg = Debug|Any CPU
		{F778E39E-0763-53B4-6B38-E7AA9E0E0B6E}.Debug|Any CPU.Build.0 = Debug|Any CPU
		{F778E39E-0763-53B4-6B38-E7AA9E0E0B6E}.Release|Any CPU.ActiveCfg = Release|Any CPU
		{F778E39E-0763-53B4-6B38-E7AA9E0E0B6E}.Release|Any CPU.Build.0 = Release|Any CPU
	EndGlobalSection
	GlobalSection(SolutionProperties) = preSolution
		HideSolutionNode = FALSE
	EndGlobalSection
EndGlobal
